// !$*UTF8*$!
{
	archiveVersion = 1;
	classes = {
	};
	objectVersion = 55;
	objects = {

/* Begin PBXBuildFile section */
		DBC243D7286A3DB7009A7170 /* AppDelegate.swift in Sources */ = {isa = PBXBuildFile; fileRef = DBC243D6286A3DB7009A7170 /* AppDelegate.swift */; };
		DBC243D9286A3DB7009A7170 /* SceneDelegate.swift in Sources */ = {isa = PBXBuildFile; fileRef = DBC243D8286A3DB7009A7170 /* SceneDelegate.swift */; };
		DBC243DE286A3DB7009A7170 /* Main.storyboard in Resources */ = {isa = PBXBuildFile; fileRef = DBC243DC286A3DB7009A7170 /* Main.storyboard */; };
		DBC243E1286A3DB7009A7170 /* ToDoList.xcdatamodeld in Sources */ = {isa = PBXBuildFile; fileRef = DBC243DF286A3DB7009A7170 /* ToDoList.xcdatamodeld */; };
		DBC243E3286A3DB9009A7170 /* Assets.xcassets in Resources */ = {isa = PBXBuildFile; fileRef = DBC243E2286A3DB9009A7170 /* Assets.xcassets */; };
		DBC243E6286A3DB9009A7170 /* LaunchScreen.storyboard in Resources */ = {isa = PBXBuildFile; fileRef = DBC243E4286A3DB9009A7170 /* LaunchScreen.storyboard */; };
		DBC243F1286A3DB9009A7170 /* ToDoListTests.swift in Sources */ = {isa = PBXBuildFile; fileRef = DBC243F0286A3DB9009A7170 /* ToDoListTests.swift */; };
		DBC243FB286A3DB9009A7170 /* ToDoListUITests.swift in Sources */ = {isa = PBXBuildFile; fileRef = DBC243FA286A3DB9009A7170 /* ToDoListUITests.swift */; };
		DBC243FD286A3DB9009A7170 /* ToDoListUITestsLaunchTests.swift in Sources */ = {isa = PBXBuildFile; fileRef = DBC243FC286A3DB9009A7170 /* ToDoListUITestsLaunchTests.swift */; };
		DBC2440A286A42A1009A7170 /* ToDoTableViewController.swift in Sources */ = {isa = PBXBuildFile; fileRef = DBC24409286A42A1009A7170 /* ToDoTableViewController.swift */; };
		DBC2440C286A4301009A7170 /* ToDo.swift in Sources */ = {isa = PBXBuildFile; fileRef = DBC2440B286A4301009A7170 /* ToDo.swift */; };
/* End PBXBuildFile section */

/* Begin PBXContainerItemProxy section */
		DBC243ED286A3DB9009A7170 /* PBXContainerItemProxy */ = {
			isa = PBXContainerItemProxy;
			containerPortal = DBC243CB286A3DB7009A7170 /* Project object */;
			proxyType = 1;
			remoteGlobalIDString = DBC243D2286A3DB7009A7170;
			remoteInfo = ToDoList;
		};
		DBC243F7286A3DB9009A7170 /* PBXContainerItemProxy */ = {
			isa = PBXContainerItemProxy;
			containerPortal = DBC243CB286A3DB7009A7170 /* Project object */;
			proxyType = 1;
			remoteGlobalIDString = DBC243D2286A3DB7009A7170;
			remoteInfo = ToDoList;
		};
/* End PBXContainerItemProxy section */

/* Begin PBXFileReference section */
		DBC243D3286A3DB7009A7170 /* ToDoList.app */ = {isa = PBXFileReference; explicitFileType = wrapper.application; includeInIndex = 0; path = ToDoList.app; sourceTree = BUILT_PRODUCTS_DIR; };
		DBC243D6286A3DB7009A7170 /* AppDelegate.swift */ = {isa = PBXFileReference; lastKnownFileType = sourcecode.swift; path = AppDelegate.swift; sourceTree = "<group>"; };
		DBC243D8286A3DB7009A7170 /* SceneDelegate.swift */ = {isa = PBXFileReference; lastKnownFileType = sourcecode.swift; path = SceneDelegate.swift; sourceTree = "<group>"; };
		DBC243DD286A3DB7009A7170 /* Base */ = {isa = PBXFileReference; lastKnownFileType = file.storyboard; name = Base; path = Base.lproj/Main.storyboard; sourceTree = "<group>"; };
		DBC243E0286A3DB7009A7170 /* ToDoList.xcdatamodel */ = {isa = PBXFileReference; lastKnownFileType = wrapper.xcdatamodel; path = ToDoList.xcdatamodel; sourceTree = "<group>"; };
		DBC243E2286A3DB9009A7170 /* Assets.xcassets */ = {isa = PBXFileReference; lastKnownFileType = folder.assetcatalog; path = Assets.xcassets; sourceTree = "<group>"; };
		DBC243E5286A3DB9009A7170 /* Base */ = {isa = PBXFileReference; lastKnownFileType = file.storyboard; name = Base; path = Base.lproj/LaunchScreen.storyboard; sourceTree = "<group>"; };
		DBC243E7286A3DB9009A7170 /* Info.plist */ = {isa = PBXFileReference; lastKnownFileType = text.plist.xml; path = Info.plist; sourceTree = "<group>"; };
		DBC243EC286A3DB9009A7170 /* ToDoListTests.xctest */ = {isa = PBXFileReference; explicitFileType = wrapper.cfbundle; includeInIndex = 0; path = ToDoListTests.xctest; sourceTree = BUILT_PRODUCTS_DIR; };
		DBC243F0286A3DB9009A7170 /* ToDoListTests.swift */ = {isa = PBXFileReference; lastKnownFileType = sourcecode.swift; path = ToDoListTests.swift; sourceTree = "<group>"; };
		DBC243F6286A3DB9009A7170 /* ToDoListUITests.xctest */ = {isa = PBXFileReference; explicitFileType = wrapper.cfbundle; includeInIndex = 0; path = ToDoListUITests.xctest; sourceTree = BUILT_PRODUCTS_DIR; };
		DBC243FA286A3DB9009A7170 /* ToDoListUITests.swift */ = {isa = PBXFileReference; lastKnownFileType = sourcecode.swift; path = ToDoListUITests.swift; sourceTree = "<group>"; };
		DBC243FC286A3DB9009A7170 /* ToDoListUITestsLaunchTests.swift */ = {isa = PBXFileReference; lastKnownFileType = sourcecode.swift; path = ToDoListUITestsLaunchTests.swift; sourceTree = "<group>"; };
		DBC24409286A42A1009A7170 /* ToDoTableViewController.swift */ = {isa = PBXFileReference; lastKnownFileType = sourcecode.swift; path = ToDoTableViewController.swift; sourceTree = "<group>"; };
		DBC2440B286A4301009A7170 /* ToDo.swift */ = {isa = PBXFileReference; lastKnownFileType = sourcecode.swift; path = ToDo.swift; sourceTree = "<group>"; };
/* End PBXFileReference section */

/* Begin PBXFrameworksBuildPhase section */
		DBC243D0286A3DB7009A7170 /* Frameworks */ = {
			isa = PBXFrameworksBuildPhase;
			buildActionMask = 2147483647;
			files = (
			);
			runOnlyForDeploymentPostprocessing = 0;
		};
		DBC243E9286A3DB9009A7170 /* Frameworks */ = {
			isa = PBXFrameworksBuildPhase;
			buildActionMask = 2147483647;
			files = (
			);
			runOnlyForDeploymentPostprocessing = 0;
		};
		DBC243F3286A3DB9009A7170 /* Frameworks */ = {
			isa = PBXFrameworksBuildPhase;
			buildActionMask = 2147483647;
			files = (
			);
			runOnlyForDeploymentPostprocessing = 0;
		};
/* End PBXFrameworksBuildPhase section */

/* Begin PBXGroup section */
		DBC243CA286A3DB7009A7170 = {
			isa = PBXGroup;
			children = (
				DBC243D5286A3DB7009A7170 /* ToDoList */,
				DBC243EF286A3DB9009A7170 /* ToDoListTests */,
				DBC243F9286A3DB9009A7170 /* ToDoListUITests */,
				DBC243D4286A3DB7009A7170 /* Products */,
			);
			sourceTree = "<group>";
		};
		DBC243D4286A3DB7009A7170 /* Products */ = {
			isa = PBXGroup;
			children = (
				DBC243D3286A3DB7009A7170 /* ToDoList.app */,
				DBC243EC286A3DB9009A7170 /* ToDoListTests.xctest */,
				DBC243F6286A3DB9009A7170 /* ToDoListUITests.xctest */,
			);
			name = Products;
			sourceTree = "<group>";
		};
		DBC243D5286A3DB7009A7170 /* ToDoList */ = {
			isa = PBXGroup;
			children = (
				DBC243D6286A3DB7009A7170 /* AppDelegate.swift */,
				DBC243D8286A3DB7009A7170 /* SceneDelegate.swift */,
				DBC243DC286A3DB7009A7170 /* Main.storyboard */,
				DBC24409286A42A1009A7170 /* ToDoTableViewController.swift */,
				DBC2440B286A4301009A7170 /* ToDo.swift */,
				DBC243E2286A3DB9009A7170 /* Assets.xcassets */,
				DBC243E4286A3DB9009A7170 /* LaunchScreen.storyboard */,
				DBC243E7286A3DB9009A7170 /* Info.plist */,
				DBC243DF286A3DB7009A7170 /* ToDoList.xcdatamodeld */,
			);
			path = ToDoList;
			sourceTree = "<group>";
		};
		DBC243EF286A3DB9009A7170 /* ToDoListTests */ = {
			isa = PBXGroup;
			children = (
				DBC243F0286A3DB9009A7170 /* ToDoListTests.swift */,
			);
			path = ToDoListTests;
			sourceTree = "<group>";
		};
		DBC243F9286A3DB9009A7170 /* ToDoListUITests */ = {
			isa = PBXGroup;
			children = (
				DBC243FA286A3DB9009A7170 /* ToDoListUITests.swift */,
				DBC243FC286A3DB9009A7170 /* ToDoListUITestsLaunchTests.swift */,
			);
			path = ToDoListUITests;
			sourceTree = "<group>";
		};
/* End PBXGroup section */

/* Begin PBXNativeTarget section */
		DBC243D2286A3DB7009A7170 /* ToDoList */ = {
			isa = PBXNativeTarget;
			buildConfigurationList = DBC24400286A3DB9009A7170 /* Build configuration list for PBXNativeTarget "ToDoList" */;
			buildPhases = (
				DBC243CF286A3DB7009A7170 /* Sources */,
				DBC243D0286A3DB7009A7170 /* Frameworks */,
				DBC243D1286A3DB7009A7170 /* Resources */,
			);
			buildRules = (
			);
			dependencies = (
			);
			name = ToDoList;
			productName = ToDoList;
			productReference = DBC243D3286A3DB7009A7170 /* ToDoList.app */;
			productType = "com.apple.product-type.application";
		};
		DBC243EB286A3DB9009A7170 /* ToDoListTests */ = {
			isa = PBXNativeTarget;
			buildConfigurationList = DBC24403286A3DB9009A7170 /* Build configuration list for PBXNativeTarget "ToDoListTests" */;
			buildPhases = (
				DBC243E8286A3DB9009A7170 /* Sources */,
				DBC243E9286A3DB9009A7170 /* Frameworks */,
				DBC243EA286A3DB9009A7170 /* Resources */,
			);
			buildRules = (
			);
			dependencies = (
				DBC243EE286A3DB9009A7170 /* PBXTargetDependency */,
			);
			name = ToDoListTests;
			productName = ToDoListTests;
			productReference = DBC243EC286A3DB9009A7170 /* ToDoListTests.xctest */;
			productType = "com.apple.product-type.bundle.unit-test";
		};
		DBC243F5286A3DB9009A7170 /* ToDoListUITests */ = {
			isa = PBXNativeTarget;
			buildConfigurationList = DBC24406286A3DB9009A7170 /* Build configuration list for PBXNativeTarget "ToDoListUITests" */;
			buildPhases = (
				DBC243F2286A3DB9009A7170 /* Sources */,
				DBC243F3286A3DB9009A7170 /* Frameworks */,
				DBC243F4286A3DB9009A7170 /* Resources */,
			);
			buildRules = (
			);
			dependencies = (
				DBC243F8286A3DB9009A7170 /* PBXTargetDependency */,
			);
			name = ToDoListUITests;
			productName = ToDoListUITests;
			productReference = DBC243F6286A3DB9009A7170 /* ToDoListUITests.xctest */;
			productType = "com.apple.product-type.bundle.ui-testing";
		};
/* End PBXNativeTarget section */

/* Begin PBXProject section */
		DBC243CB286A3DB7009A7170 /* Project object */ = {
			isa = PBXProject;
			attributes = {
				BuildIndependentTargetsInParallel = 1;
				LastSwiftUpdateCheck = 1340;
				LastUpgradeCheck = 1340;
				TargetAttributes = {
					DBC243D2286A3DB7009A7170 = {
						CreatedOnToolsVersion = 13.4;
					};
					DBC243EB286A3DB9009A7170 = {
						CreatedOnToolsVersion = 13.4;
						TestTargetID = DBC243D2286A3DB7009A7170;
					};
					DBC243F5286A3DB9009A7170 = {
						CreatedOnToolsVersion = 13.4;
						TestTargetID = DBC243D2286A3DB7009A7170;
					};
				};
			};
			buildConfigurationList = DBC243CE286A3DB7009A7170 /* Build configuration list for PBXProject "ToDoList" */;
			compatibilityVersion = "Xcode 13.0";
			developmentRegion = en;
			hasScannedForEncodings = 0;
			knownRegions = (
				en,
				Base,
			);
			mainGroup = DBC243CA286A3DB7009A7170;
			productRefGroup = DBC243D4286A3DB7009A7170 /* Products */;
			projectDirPath = "";
			projectRoot = "";
			targets = (
				DBC243D2286A3DB7009A7170 /* ToDoList */,
				DBC243EB286A3DB9009A7170 /* ToDoListTests */,
				DBC243F5286A3DB9009A7170 /* ToDoListUITests */,
			);
		};
/* End PBXProject section */

/* Begin PBXResourcesBuildPhase section */
		DBC243D1286A3DB7009A7170 /* Resources */ = {
			isa = PBXResourcesBuildPhase;
			buildActionMask = 2147483647;
			files = (
				DBC243E6286A3DB9009A7170 /* LaunchScreen.storyboard in Resources */,
				DBC243E3286A3DB9009A7170 /* Assets.xcassets in Resources */,
				DBC243DE286A3DB7009A7170 /* Main.storyboard in Resources */,
			);
			runOnlyForDeploymentPostprocessing = 0;
		};
		DBC243EA286A3DB9009A7170 /* Resources */ = {
			isa = PBXResourcesBuildPhase;
			buildActionMask = 2147483647;
			files = (
			);
			runOnlyForDeploymentPostprocessing = 0;
		};
		DBC243F4286A3DB9009A7170 /* Resources */ = {
			isa = PBXResourcesBuildPhase;
			buildActionMask = 2147483647;
			files = (
			);
			runOnlyForDeploymentPostprocessing = 0;
		};
/* End PBXResourcesBuildPhase section */

/* Begin PBXSourcesBuildPhase section */
		DBC243CF286A3DB7009A7170 /* Sources */ = {
			isa = PBXSourcesBuildPhase;
			buildActionMask = 2147483647;
			files = (
				DBC243D7286A3DB7009A7170 /* AppDelegate.swift in Sources */,
				DBC2440C286A4301009A7170 /* ToDo.swift in Sources */,
				DBC243D9286A3DB7009A7170 /* SceneDelegate.swift in Sources */,
				DBC243E1286A3DB7009A7170 /* ToDoList.xcdatamodeld in Sources */,
				DBC2440A286A42A1009A7170 /* ToDoTableViewController.swift in Sources */,
			);
			runOnlyForDeploymentPostprocessing = 0;
		};
		DBC243E8286A3DB9009A7170 /* Sources */ = {
			isa = PBXSourcesBuildPhase;
			buildActionMask = 2147483647;
			files = (
				DBC243F1286A3DB9009A7170 /* ToDoListTests.swift in Sources */,
			);
			runOnlyForDeploymentPostprocessing = 0;
		};
		DBC243F2286A3DB9009A7170 /* Sources */ = {
			isa = PBXSourcesBuildPhase;
			buildActionMask = 2147483647;
			files = (
				DBC243FD286A3DB9009A7170 /* ToDoListUITestsLaunchTests.swift in Sources */,
				DBC243FB286A3DB9009A7170 /* ToDoListUITests.swift in Sources */,
			);
			runOnlyForDeploymentPostprocessing = 0;
		};
/* End PBXSourcesBuildPhase section */

/* Begin PBXTargetDependency section */
		DBC243EE286A3DB9009A7170 /* PBXTargetDependency */ = {
			isa = PBXTargetDependency;
			target = DBC243D2286A3DB7009A7170 /* ToDoList */;
			targetProxy = DBC243ED286A3DB9009A7170 /* PBXContainerItemProxy */;
		};
		DBC243F8286A3DB9009A7170 /* PBXTargetDependency */ = {
			isa = PBXTargetDependency;
			target = DBC243D2286A3DB7009A7170 /* ToDoList */;
			targetProxy = DBC243F7286A3DB9009A7170 /* PBXContainerItemProxy */;
		};
/* End PBXTargetDependency section */

/* Begin PBXVariantGroup section */
		DBC243DC286A3DB7009A7170 /* Main.storyboard */ = {
			isa = PBXVariantGroup;
			children = (
				DBC243DD286A3DB7009A7170 /* Base */,
			);
			name = Main.storyboard;
			sourceTree = "<group>";
		};
		DBC243E4286A3DB9009A7170 /* LaunchScreen.storyboard */ = {
			isa = PBXVariantGroup;
			children = (
				DBC243E5286A3DB9009A7170 /* Base */,
			);
			name = LaunchScreen.storyboard;
			sourceTree = "<group>";
		};
/* End PBXVariantGroup section */

/* Begin XCBuildConfiguration section */
		DBC243FE286A3DB9009A7170 /* Debug */ = {
			isa = XCBuildConfiguration;
			buildSettings = {
				ALWAYS_SEARCH_USER_PATHS = NO;
				CLANG_ANALYZER_NONNULL = YES;
				CLANG_ANALYZER_NUMBER_OBJECT_CONVERSION = YES_AGGRESSIVE;
				CLANG_CXX_LANGUAGE_STANDARD = "gnu++17";
				CLANG_ENABLE_MODULES = YES;
				CLANG_ENABLE_OBJC_ARC = YES;
				CLANG_ENABLE_OBJC_WEAK = YES;
				CLANG_WARN_BLOCK_CAPTURE_AUTORELEASING = YES;
				CLANG_WARN_BOOL_CONVERSION = YES;
				CLANG_WARN_COMMA = YES;
				CLANG_WARN_CONSTANT_CONVERSION = YES;
				CLANG_WARN_DEPRECATED_OBJC_IMPLEMENTATIONS = YES;
				CLANG_WARN_DIRECT_OBJC_ISA_USAGE = YES_ERROR;
				CLANG_WARN_DOCUMENTATION_COMMENTS = YES;
				CLANG_WARN_EMPTY_BODY = YES;
				CLANG_WARN_ENUM_CONVERSION = YES;
				CLANG_WARN_INFINITE_RECURSION = YES;
				CLANG_WARN_INT_CONVERSION = YES;
				CLANG_WARN_NON_LITERAL_NULL_CONVERSION = YES;
				CLANG_WARN_OBJC_IMPLICIT_RETAIN_SELF = YES;
				CLANG_WARN_OBJC_LITERAL_CONVERSION = YES;
				CLANG_WARN_OBJC_ROOT_CLASS = YES_ERROR;
				CLANG_WARN_QUOTED_INCLUDE_IN_FRAMEWORK_HEADER = YES;
				CLANG_WARN_RANGE_LOOP_ANALYSIS = YES;
				CLANG_WARN_STRICT_PROTOTYPES = YES;
				CLANG_WARN_SUSPICIOUS_MOVE = YES;
				CLANG_WARN_UNGUARDED_AVAILABILITY = YES_AGGRESSIVE;
				CLANG_WARN_UNREACHABLE_CODE = YES;
				CLANG_WARN__DUPLICATE_METHOD_MATCH = YES;
				COPY_PHASE_STRIP = NO;
				DEBUG_INFORMATION_FORMAT = dwarf;
				ENABLE_STRICT_OBJC_MSGSEND = YES;
				ENABLE_TESTABILITY = YES;
				GCC_C_LANGUAGE_STANDARD = gnu11;
				GCC_DYNAMIC_NO_PIC = NO;
				GCC_NO_COMMON_BLOCKS = YES;
				GCC_OPTIMIZATION_LEVEL = 0;
				GCC_PREPROCESSOR_DEFINITIONS = (
					"DEBUG=1",
					"$(inherited)",
				);
				GCC_WARN_64_TO_32_BIT_CONVERSION = YES;
				GCC_WARN_ABOUT_RETURN_TYPE = YES_ERROR;
				GCC_WARN_UNDECLARED_SELECTOR = YES;
				GCC_WARN_UNINITIALIZED_AUTOS = YES_AGGRESSIVE;
				GCC_WARN_UNUSED_FUNCTION = YES;
				GCC_WARN_UNUSED_VARIABLE = YES;
				IPHONEOS_DEPLOYMENT_TARGET = 15.5;
				MTL_ENABLE_DEBUG_INFO = INCLUDE_SOURCE;
				MTL_FAST_MATH = YES;
				ONLY_ACTIVE_ARCH = YES;
				SDKROOT = iphoneos;
				SWIFT_ACTIVE_COMPILATION_CONDITIONS = DEBUG;
				SWIFT_OPTIMIZATION_LEVEL = "-Onone";
			};
			name = Debug;
		};
		DBC243FF286A3DB9009A7170 /* Release */ = {
			isa = XCBuildConfiguration;
			buildSettings = {
				ALWAYS_SEARCH_USER_PATHS = NO;
				CLANG_ANALYZER_NONNULL = YES;
				CLANG_ANALYZER_NUMBER_OBJECT_CONVERSION = YES_AGGRESSIVE;
				CLANG_CXX_LANGUAGE_STANDARD = "gnu++17";
				CLANG_ENABLE_MODULES = YES;
				CLANG_ENABLE_OBJC_ARC = YES;
				CLANG_ENABLE_OBJC_WEAK = YES;
				CLANG_WARN_BLOCK_CAPTURE_AUTORELEASING = YES;
				CLANG_WARN_BOOL_CONVERSION = YES;
				CLANG_WARN_COMMA = YES;
				CLANG_WARN_CONSTANT_CONVERSION = YES;
				CLANG_WARN_DEPRECATED_OBJC_IMPLEMENTATIONS = YES;
				CLANG_WARN_DIRECT_OBJC_ISA_USAGE = YES_ERROR;
				CLANG_WARN_DOCUMENTATION_COMMENTS = YES;
				CLANG_WARN_EMPTY_BODY = YES;
				CLANG_WARN_ENUM_CONVERSION = YES;
				CLANG_WARN_INFINITE_RECURSION = YES;
				CLANG_WARN_INT_CONVERSION = YES;
				CLANG_WARN_NON_LITERAL_NULL_CONVERSION = YES;
				CLANG_WARN_OBJC_IMPLICIT_RETAIN_SELF = YES;
				CLANG_WARN_OBJC_LITERAL_CONVERSION = YES;
				CLANG_WARN_OBJC_ROOT_CLASS = YES_ERROR;
				CLANG_WARN_QUOTED_INCLUDE_IN_FRAMEWORK_HEADER = YES;
				CLANG_WARN_RANGE_LOOP_ANALYSIS = YES;
				CLANG_WARN_STRICT_PROTOTYPES = YES;
				CLANG_WARN_SUSPICIOUS_MOVE = YES;
				CLANG_WARN_UNGUARDED_AVAILABILITY = YES_AGGRESSIVE;
				CLANG_WARN_UNREACHABLE_CODE = YES;
				CLANG_WARN__DUPLICATE_METHOD_MATCH = YES;
				COPY_PHASE_STRIP = NO;
				DEBUG_INFORMATION_FORMAT = "dwarf-with-dsym";
				ENABLE_NS_ASSERTIONS = NO;
				ENABLE_STRICT_OBJC_MSGSEND = YES;
				GCC_C_LANGUAGE_STANDARD = gnu11;
				GCC_NO_COMMON_BLOCKS = YES;
				GCC_WARN_64_TO_32_BIT_CONVERSION = YES;
				GCC_WARN_ABOUT_RETURN_TYPE = YES_ERROR;
				GCC_WARN_UNDECLARED_SELECTOR = YES;
				GCC_WARN_UNINITIALIZED_AUTOS = YES_AGGRESSIVE;
				GCC_WARN_UNUSED_FUNCTION = YES;
				GCC_WARN_UNUSED_VARIABLE = YES;
				IPHONEOS_DEPLOYMENT_TARGET = 15.5;
				MTL_ENABLE_DEBUG_INFO = NO;
				MTL_FAST_MATH = YES;
				SDKROOT = iphoneos;
				SWIFT_COMPILATION_MODE = wholemodule;
				SWIFT_OPTIMIZATION_LEVEL = "-O";
				VALIDATE_PRODUCT = YES;
			};
			name = Release;
		};
		DBC24401286A3DB9009A7170 /* Debug */ = {
			isa = XCBuildConfiguration;
			buildSettings = {
				ASSETCATALOG_COMPILER_APPICON_NAME = AppIcon;
				ASSETCATALOG_COMPILER_GLOBAL_ACCENT_COLOR_NAME = AccentColor;
				CODE_SIGN_STYLE = Automatic;
				CURRENT_PROJECT_VERSION = 1;
				GENERATE_INFOPLIST_FILE = YES;
				INFOPLIST_FILE = ToDoList/Info.plist;
				INFOPLIST_KEY_UIApplicationSupportsIndirectInputEvents = YES;
				INFOPLIST_KEY_UILaunchStoryboardName = LaunchScreen;
				INFOPLIST_KEY_UIMainStoryboardFile = Main;
				INFOPLIST_KEY_UISupportedInterfaceOrientations_iPad = "UIInterfaceOrientationPortrait UIInterfaceOrientationPortraitUpsideDown UIInterfaceOrientationLandscapeLeft UIInterfaceOrientationLandscapeRight";
				INFOPLIST_KEY_UISupportedInterfaceOrientations_iPhone = "UIInterfaceOrientationPortrait UIInterfaceOrientationLandscapeLeft UIInterfaceOrientationLandscapeRight";
				LD_RUNPATH_SEARCH_PATHS = (
					"$(inherited)",
					"@executable_path/Frameworks",
				);
				MARKETING_VERSION = 1.0;
				PRODUCT_BUNDLE_IDENTIFIER = KodeWithKlossy.ToDoList;
				PRODUCT_NAME = "$(TARGET_NAME)";
				SWIFT_EMIT_LOC_STRINGS = YES;
				SWIFT_VERSION = 5.0;
				TARGETED_DEVICE_FAMILY = "1,2";
			};
			name = Debug;
		};
		DBC24402286A3DB9009A7170 /* Release */ = {
			isa = XCBuildConfiguration;
			buildSettings = {
				ASSETCATALOG_COMPILER_APPICON_NAME = AppIcon;
				ASSETCATALOG_COMPILER_GLOBAL_ACCENT_COLOR_NAME = AccentColor;
				CODE_SIGN_STYLE = Automatic;
				CURRENT_PROJECT_VERSION = 1;
				GENERATE_INFOPLIST_FILE = YES;
				INFOPLIST_FILE = ToDoList/Info.plist;
				INFOPLIST_KEY_UIApplicationSupportsIndirectInputEvents = YES;
				INFOPLIST_KEY_UILaunchStoryboardName = LaunchScreen;
				INFOPLIST_KEY_UIMainStoryboardFile = Main;
				INFOPLIST_KEY_UISupportedInterfaceOrientations_iPad = "UIInterfaceOrientationPortrait UIInterfaceOrientationPortraitUpsideDown UIInterfaceOrientationLandscapeLeft UIInterfaceOrientationLandscapeRight";
				INFOPLIST_KEY_UISupportedInterfaceOrientations_iPhone = "UIInterfaceOrientationPortrait UIInterfaceOrientationLandscapeLeft UIInterfaceOrientationLandscapeRight";
				LD_RUNPATH_SEARCH_PATHS = (
					"$(inherited)",
					"@executable_path/Frameworks",
				);
				MARKETING_VERSION = 1.0;
				PRODUCT_BUNDLE_IDENTIFIER = KodeWithKlossy.ToDoList;
				PRODUCT_NAME = "$(TARGET_NAME)";
				SWIFT_EMIT_LOC_STRINGS = YES;
				SWIFT_VERSION = 5.0;
				TARGETED_DEVICE_FAMILY = "1,2";
			};
			name = Release;
		};
		DBC24404286A3DB9009A7170 /* Debug */ = {
			isa = XCBuildConfiguration;
			buildSettings = {
				ALWAYS_EMBED_SWIFT_STANDARD_LIBRARIES = YES;
				BUNDLE_LOADER = "$(TEST_HOST)";
				CODE_SIGN_STYLE = Automatic;
				CURRENT_PROJECT_VERSION = 1;
				GENERATE_INFOPLIST_FILE = YES;
				IPHONEOS_DEPLOYMENT_TARGET = 15.5;
				MARKETING_VERSION = 1.0;
				PRODUCT_BUNDLE_IDENTIFIER = KodeWithKlossy.ToDoListTests;
				PRODUCT_NAME = "$(TARGET_NAME)";
				SWIFT_EMIT_LOC_STRINGS = NO;
				SWIFT_VERSION = 5.0;
				TARGETED_DEVICE_FAMILY = "1,2";
				TEST_HOST = "$(BUILT_PRODUCTS_DIR)/ToDoList.app/ToDoList";
			};
			name = Debug;
		};
		DBC24405286A3DB9009A7170 /* Release */ = {
			isa = XCBuildConfiguration;
			buildSettings = {
				ALWAYS_EMBED_SWIFT_STANDARD_LIBRARIES = YES;
				BUNDLE_LOADER = "$(TEST_HOST)";
				CODE_SIGN_STYLE = Automatic;
				CURRENT_PROJECT_VERSION = 1;
				GENERATE_INFOPLIST_FILE = YES;
				IPHONEOS_DEPLOYMENT_TARGET = 15.5;
				MARKETING_VERSION = 1.0;
				PRODUCT_BUNDLE_IDENTIFIER = KodeWithKlossy.ToDoListTests;
				PRODUCT_NAME = "$(TARGET_NAME)";
				SWIFT_EMIT_LOC_STRINGS = NO;
				SWIFT_VERSION = 5.0;
				TARGETED_DEVICE_FAMILY = "1,2";
				TEST_HOST = "$(BUILT_PRODUCTS_DIR)/ToDoList.app/ToDoList";
			};
			name = Release;
		};
		DBC24407286A3DB9009A7170 /* Debug */ = {
			isa = XCBuildConfiguration;
			buildSettings = {
				ALWAYS_EMBED_SWIFT_STANDARD_LIBRARIES = YES;
				CODE_SIGN_STYLE = Automatic;
				CURRENT_PROJECT_VERSION = 1;
				GENERATE_INFOPLIST_FILE = YES;
				MARKETING_VERSION = 1.0;
				PRODUCT_BUNDLE_IDENTIFIER = KodeWithKlossy.ToDoListUITests;
				PRODUCT_NAME = "$(TARGET_NAME)";
				SWIFT_EMIT_LOC_STRINGS = NO;
				SWIFT_VERSION = 5.0;
				TARGETED_DEVICE_FAMILY = "1,2";
				TEST_TARGET_NAME = ToDoList;
			};
			name = Debug;
		};
		DBC24408286A3DB9009A7170 /* Release */ = {
			isa = XCBuildConfiguration;
			buildSettings = {
				ALWAYS_EMBED_SWIFT_STANDARD_LIBRARIES = YES;
				CODE_SIGN_STYLE = Automatic;
				CURRENT_PROJECT_VERSION = 1;
				GENERATE_INFOPLIST_FILE = YES;
				MARKETING_VERSION = 1.0;
				PRODUCT_BUNDLE_IDENTIFIER = KodeWithKlossy.ToDoListUITests;
				PRODUCT_NAME = "$(TARGET_NAME)";
				SWIFT_EMIT_LOC_STRINGS = NO;
				SWIFT_VERSION = 5.0;
				TARGETED_DEVICE_FAMILY = "1,2";
				TEST_TARGET_NAME = ToDoList;
			};
			name = Release;
		};
/* End XCBuildConfiguration section */

/* Begin XCConfigurationList section */
		DBC243CE286A3DB7009A7170 /* Build configuration list for PBXProject "ToDoList" */ = {
			isa = XCConfigurationList;
			buildConfigurations = (
				DBC243FE286A3DB9009A7170 /* Debug */,
				DBC243FF286A3DB9009A7170 /* Release */,
			);
			defaultConfigurationIsVisible = 0;
			defaultConfigurationName = Release;
		};
		DBC24400286A3DB9009A7170 /* Build configuration list for PBXNativeTarget "ToDoList" */ = {
			isa = XCConfigurationList;
			buildConfigurations = (
				DBC24401286A3DB9009A7170 /* Debug */,
				DBC24402286A3DB9009A7170 /* Release */,
			);
			defaultConfigurationIsVisible = 0;
			defaultConfigurationName = Release;
		};
		DBC24403286A3DB9009A7170 /* Build configuration list for PBXNativeTarget "ToDoListTests" */ = {
			isa = XCConfigurationList;
			buildConfigurations = (
				DBC24404286A3DB9009A7170 /* Debug */,
				DBC24405286A3DB9009A7170 /* Release */,
			);
			defaultConfigurationIsVisible = 0;
			defaultConfigurationName = Release;
		};
		DBC24406286A3DB9009A7170 /* Build configuration list for PBXNativeTarget "ToDoListUITests" */ = {
			isa = XCConfigurationList;
			buildConfigurations = (
				DBC24407286A3DB9009A7170 /* Debug */,
				DBC24408286A3DB9009A7170 /* Release */,
			);
			defaultConfigurationIsVisible = 0;
			defaultConfigurationName = Release;
		};
/* End XCConfigurationList section */

/* Begin XCVersionGroup section */
		DBC243DF286A3DB7009A7170 /* ToDoList.xcdatamodeld */ = {
			isa = XCVersionGroup;
			children = (
				DBC243E0286A3DB7009A7170 /* ToDoList.xcdatamodel */,
			);
			currentVersion = DBC243E0286A3DB7009A7170 /* ToDoList.xcdatamodel */;
			path = ToDoList.xcdatamodeld;
			sourceTree = "<group>";
			versionGroupType = wrapper.xcdatamodel;
		};
/* End XCVersionGroup section */
	};
	rootObject = DBC243CB286A3DB7009A7170 /* Project object */;
}
